# THIS IS AN AUTOGENERATED FILE. DO NOT EDIT THIS FILE DIRECTLY.
# yarn lockfile v1


"@ts-stack/markdown@^1.4.0":
  version "1.4.0"
  resolved "https://registry.yarnpkg.com/@ts-stack/markdown/-/markdown-1.4.0.tgz#da22d29c1455f7293f10a9ae2b8ac4f35079c008"
  integrity sha512-z3fkD8wGSyqTCp+axZVlr9hFKyM18XKPHEyC8vmohyTcqf5sRRy9Sd0omYBJ85IDW57DLEcfvVatXfUt1unEew==
  dependencies:
    tslib "^2.0.0"

tslib@^2.0.0:
  version "2.5.2"
  resolved "https://registry.yarnpkg.com/tslib/-/tslib-2.5.2.tgz#1b6f07185c881557b0ffa84b111a0106989e8338"
  integrity sha512-5svOrSA2w3iGFDs1HibEVBGbDrAY82bFQ3HZ3ixB+88nsbsWQoKqDRb5UBYAUPEzbBn6dAp5gRNXglySbx1MlA==
